PODS:
  - Flutter (1.0.0)
  - fluttertoast (0.0.2):
    - Flutter
  - image_gallery_saver_plus (0.0.1):
    - Flutter
  - path_provider_foundation (0.0.1):
    - Flutter
    - FlutterMacOS
  - permission_handler_apple (9.3.0):
    - Flutter
  - photo_manager (3.7.1):
    - Flutter
    - FlutterMacOS
  - share_plus (0.0.1):
    - Flutter

DEPENDENCIES:
  - Flutter (from `Flutter`)
  - fluttertoast (from `.symlinks/plugins/fluttertoast/ios`)
  - image_gallery_saver_plus (from `.symlinks/plugins/image_gallery_saver_plus/ios`)
  - path_provider_foundation (from `.symlinks/plugins/path_provider_foundation/darwin`)
  - permission_handler_apple (from `.symlinks/plugins/permission_handler_apple/ios`)
  - photo_manager (from `.symlinks/plugins/photo_manager/ios`)
  - share_plus (from `.symlinks/plugins/share_plus/ios`)

EXTERNAL SOURCES:
  Flutter:
    :path: Flutter
  fluttertoast:
    :path: ".symlinks/plugins/fluttertoast/ios"
  image_gallery_saver_plus:
    :path: ".symlinks/plugins/image_gallery_saver_plus/ios"
  path_provider_foundation:
    :path: ".symlinks/plugins/path_provider_foundation/darwin"
  permission_handler_apple:
    :path: ".symlinks/plugins/permission_handler_apple/ios"
  photo_manager:
    :path: ".symlinks/plugins/photo_manager/ios"
  share_plus:
    :path: ".symlinks/plugins/share_plus/ios"

SPEC CHECKSUMS:
  Flutter: e0871f40cf51350855a761d2e70bf5af5b9b5de7
  fluttertoast: 21eecd6935e7064cc1fcb733a4c5a428f3f24f0f
  image_gallery_saver_plus: 782ade975fe6a4600b53e7c1983e3a2979d1e9e5
  path_provider_foundation: 3784922295ac71e43754bd15e0653ccfd36a147c
  permission_handler_apple: 9878588469a2b0d0fc1e048d9f43605f92e6cec2
  photo_manager: 81954a1bf804b6e882d0453b3b6bc7fad7b47d3d
  share_plus: 8b6f8b3447e494cca5317c8c3073de39b3600d1f

PODFILE CHECKSUM: 4e8f8b2be68aeea4c0d5beb6ff1e79fface1d048

COCOAPODS: 1.16.2
